
Microsoft Visual Studio Solution File, Format Version 11.00
# Visual Studio 2010
Project("{F184B08F-C81C-45F6-A57F-5ABD9991F28F}") = "Sum2_W", "Sum2_W\Sum2_W.vbproj", "{A0FC6771-4DD4-4A2A-94B8-2EE2E7FC454B}"
EndProject
Global
	GlobalSection(SolutionConfigurationPlatforms) = preSolution
		Debug|x86 = Debug|x86
		Release|x86 = Release|x86
	EndGlobalSection
	GlobalSection(ProjectConfigurationPlatforms) = postSolution
		{A0FC6771-4DD4-4A2A-94B8-2EE2E7FC454B}.Debug|x86.ActiveCfg = Debug|x86
		{A0FC6771-4DD4-4A2A-94B8-2EE2E7FC454B}.Debug|x86.Build.0 = Debug|x86
		{A0FC6771-4DD4-4A2A-94B8-2EE2E7FC454B}.Release|x86.ActiveCfg = Release|x86
		{A0FC6771-4DD4-4A2A-94B8-2EE2E7FC454B}.Release|x86.Build.0 = Release|x86
	EndGlobalSection
	GlobalSection(SolutionProperties) = preSolution
		HideSolutionNode = FALSE
	EndGlobalSection
EndGlobal
